
Microsoft Visual Studio Solution File, Format Version 12.00
# Visual Studio 2015
Project("{FAE04EC0-301F-11D3-BF4B-00C04F79EFBC}") = "Pin the circle.CSharp", "Pin the circle.CSharp.csproj", "{D50E028D-5299-A505-AD45-1C70673E70BC}"
EndProject
Global
	GlobalSection(SolutionConfigurationPlatforms) = preSolution
		Debug|Any CPU = Debug|Any CPU
		Release|Any CPU = Release|Any CPU
	EndGlobalSection
	GlobalSection(ProjectConfigurationPlatforms) = postSolution
		{D50E028D-5299-A505-AD45-1C70673E70BC}.Debug|Any CPU.ActiveCfg = Debug|Any CPU
		{D50E028D-5299-A505-AD45-1C70673E70BC}.Debug|Any CPU.Build.0 = Debug|Any CPU
		{D50E028D-5299-A505-AD45-1C70673E70BC}.Release|Any CPU.ActiveCfg = Release|Any CPU
		{D50E028D-5299-A505-AD45-1C70673E70BC}.Release|Any CPU.Build.0 = Release|Any CPU
	EndGlobalSection
	GlobalSection(SolutionProperties) = preSolution
		HideSolutionNode = FALSE
	EndGlobalSection
EndGlobal
